
Microsoft Visual Studio Solution File, Format Version 12.00
# Visual Studio Version 17
VisualStudioVersion = 17.5.002.0
MinimumVisualStudioVersion = 10.0.40219.1
Project("{2150E333-8FDC-42A3-9474-1A3956D46DE8}") = "prepare", "prepare", "{717046C5-9E77-4639-BE96-59DB4499D587}"
EndProject
Project("{9A19103F-16F7-4668-BE54-9A1E7A4F7556}") = "Learning02", "prepare\Learning02\Learning02.csproj", "{CA3518B3-DF83-4457-A631-83CA1F2EDF9C}"
EndProject
Project("{9A19103F-16F7-4668-BE54-9A1E7A4F7556}") = "Learning05", "prepare\Learning05\Learning05.csproj", "{75C8152A-E502-4972-B677-A686DB962D6C}"
EndProject
Project("{9A19103F-16F7-4668-BE54-9A1E7A4F7556}") = "Learning04", "prepare\Learning04\Learning04.csproj", "{F9F952BC-8A4C-475D-BA0B-7B97BE585CE8}"
EndProject
Project("{9A19103F-16F7-4668-BE54-9A1E7A4F7556}") = "Learning03", "prepare\Learning03\Learning03.csproj", "{B72DCE4E-4A6D-4738-BF29-DB54574E0C99}"
EndProject
Project("{2150E333-8FDC-42A3-9474-1A3956D46DE8}") = "prove", "prove", "{CBE12DA4-E00A-4EE9-AA92-DB2C7AFAFB22}"
EndProject
Project("{9A19103F-16F7-4668-BE54-9A1E7A4F7556}") = "Develop03", "prove\Develop03\Develop03.csproj", "{77011C8D-2CE9-49F4-8672-D8FC8F336047}"
EndProject
Project("{9A19103F-16F7-4668-BE54-9A1E7A4F7556}") = "Develop04", "prove\Develop04\Develop04.csproj", "{276BE03B-B942-4BC9-8D26-65639508E9E0}"
EndProject
Project("{9A19103F-16F7-4668-BE54-9A1E7A4F7556}") = "Develop05", "prove\Develop05\Develop05.csproj", "{0B950750-3904-4C7D-A264-6B6A03E3D3CE}"
EndProject
Project("{9A19103F-16F7-4668-BE54-9A1E7A4F7556}") = "Develop02", "prove\Develop02\Develop02.csproj", "{76903B73-E623-449D-91FA-AEB2C05D48C1}"
EndProject
Project("{2150E333-8FDC-42A3-9474-1A3956D46DE8}") = "sandbox", "sandbox", "{ECAA82B0-F6A9-48A9-B171-71F50FA6AF15}"
EndProject
Project("{9A19103F-16F7-4668-BE54-9A1E7A4F7556}") = "Sandbox", "sandbox\Sandbox\Sandbox.csproj", "{249B879B-181C-46B9-9B71-60D9ADADF6BD}"
EndProject
Project("{2150E333-8FDC-42A3-9474-1A3956D46DE8}") = "final", "final", "{6F0B6AC5-4F67-40B4-99C5-15FF01E89DAC}"
EndProject
Project("{9A19103F-16F7-4668-BE54-9A1E7A4F7556}") = "FinalProject", "final\FinalProject\FinalProject.csproj", "{574305FC-5DD9-4FA4-B4C5-A9C8DF4AD494}"
EndProject
Project("{9A19103F-16F7-4668-BE54-9A1E7A4F7556}") = "Foundation1", "final\Foundation1\Foundation1.csproj", "{1ED70E20-6B82-4025-9FE6-1DE996C9891C}"
EndProject
Project("{9A19103F-16F7-4668-BE54-9A1E7A4F7556}") = "Foundation4", "final\Foundation4\Foundation4.csproj", "{B8F68092-3D27-45E2-8D93-878FC5D0B213}"
EndProject
Project("{9A19103F-16F7-4668-BE54-9A1E7A4F7556}") = "Foundation3", "final\Foundation3\Foundation3.csproj", "{54059629-22C1-4D64-9261-557C1FBB13BB}"
EndProject
Project("{9A19103F-16F7-4668-BE54-9A1E7A4F7556}") = "Foundation2", "final\Foundation2\Foundation2.csproj", "{D14B3892-B04C-4D3D-BB6D-0CD98CA839AC}"
EndProject
Project("{2150E333-8FDC-42A3-9474-1A3956D46DE8}") = "csharp-prep", "csharp-prep", "{2C93132C-CB18-4F25-B511-733C63D80889}"
EndProject
Project("{9A19103F-16F7-4668-BE54-9A1E7A4F7556}") = "Prep1", "csharp-prep\Prep1\Prep1.csproj", "{3A7352DD-7783-4F5F-9598-381C5E678659}"
EndProject
Project("{9A19103F-16F7-4668-BE54-9A1E7A4F7556}") = "Prep5", "csharp-prep\Prep5\Prep5.csproj", "{980EF287-C86C-478C-BF32-C34909740169}"
EndProject
Project("{9A19103F-16F7-4668-BE54-9A1E7A4F7556}") = "Prep2", "csharp-prep\Prep2\Prep2.csproj", "{F47F4CFF-3962-4F32-B4DD-485A0F81B951}"
EndProject
Project("{9A19103F-16F7-4668-BE54-9A1E7A4F7556}") = "Prep3", "csharp-prep\Prep3\Prep3.csproj", "{87D160D1-51E2-427A-AE61-A20329C66F5E}"
EndProject
Project("{9A19103F-16F7-4668-BE54-9A1E7A4F7556}") = "Prep4", "csharp-prep\Prep4\Prep4.csproj", "{E78CE1DA-8670-43F5-B6B2-A526EEF231D9}"
EndProject
Global
	GlobalSection(SolutionConfigurationPlatforms) = preSolution
		Debug|Any CPU = Debug|Any CPU
		Release|Any CPU = Release|Any CPU
	EndGlobalSection
	GlobalSection(ProjectConfigurationPlatforms) = postSolution
		{CA3518B3-DF83-4457-A631-83CA1F2EDF9C}.Debug|Any CPU.ActiveCfg = Debug|Any CPU
		{CA3518B3-DF83-4457-A631-83CA1F2EDF9C}.Debug|Any CPU.Build.0 = Debug|Any CPU
		{CA3518B3-DF83-4457-A631-83CA1F2EDF9C}.Release|Any CPU.ActiveCfg = Release|Any CPU
		{CA3518B3-DF83-4457-A631-83CA1F2EDF9C}.Release|Any CPU.Build.0 = Release|Any CPU
		{75C8152A-E502-4972-B677-A686DB962D6C}.Debug|Any CPU.ActiveCfg = Debug|Any CPU
		{75C8152A-E502-4972-B677-A686DB962D6C}.Debug|Any CPU.Build.0 = Debug|Any CPU
		{75C8152A-E502-4972-B677-A686DB962D6C}.Release|Any CPU.ActiveCfg = Release|Any CPU
		{75C8152A-E502-4972-B677-A686DB962D6C}.Release|Any CPU.Build.0 = Release|Any CPU
		{F9F952BC-8A4C-475D-BA0B-7B97BE585CE8}.Debug|Any CPU.ActiveCfg = Debug|Any CPU
		{F9F952BC-8A4C-475D-BA0B-7B97BE585CE8}.Debug|Any CPU.Build.0 = Debug|Any CPU
		{F9F952BC-8A4C-475D-BA0B-7B97BE585CE8}.Release|Any CPU.ActiveCfg = Release|Any CPU
		{F9F952BC-8A4C-475D-BA0B-7B97BE585CE8}.Release|Any CPU.Build.0 = Release|Any CPU
		{B72DCE4E-4A6D-4738-BF29-DB54574E0C99}.Debug|Any CPU.ActiveCfg = Debug|Any CPU
		{B72DCE4E-4A6D-4738-BF29-DB54574E0C99}.Debug|Any CPU.Build.0 = Debug|Any CPU
		{B72DCE4E-4A6D-4738-BF29-DB54574E0C99}.Release|Any CPU.ActiveCfg = Release|Any CPU
		{B72DCE4E-4A6D-4738-BF29-DB54574E0C99}.Release|Any CPU.Build.0 = Release|Any CPU
		{77011C8D-2CE9-49F4-8672-D8FC8F336047}.Debug|Any CPU.ActiveCfg = Debug|Any CPU
		{77011C8D-2CE9-49F4-8672-D8FC8F336047}.Debug|Any CPU.Build.0 = Debug|Any CPU
		{77011C8D-2CE9-49F4-8672-D8FC8F336047}.Release|Any CPU.ActiveCfg = Release|Any CPU
		{77011C8D-2CE9-49F4-8672-D8FC8F336047}.Release|Any CPU.Build.0 = Release|Any CPU
		{276BE03B-B942-4BC9-8D26-65639508E9E0}.Debug|Any CPU.ActiveCfg = Debug|Any CPU
		{276BE03B-B942-4BC9-8D26-65639508E9E0}.Debug|Any CPU.Build.0 = Debug|Any CPU
		{276BE03B-B942-4BC9-8D26-65639508E9E0}.Release|Any CPU.ActiveCfg = Release|Any CPU
		{276BE03B-B942-4BC9-8D26-65639508E9E0}.Release|Any CPU.Build.0 = Release|Any CPU
		{0B950750-3904-4C7D-A264-6B6A03E3D3CE}.Debug|Any CPU.ActiveCfg = Debug|Any CPU
		{0B950750-3904-4C7D-A264-6B6A03E3D3CE}.Debug|Any CPU.Build.0 = Debug|Any CPU
		{0B950750-3904-4C7D-A264-6B6A03E3D3CE}.Release|Any CPU.ActiveCfg = Release|Any CPU
		{0B950750-3904-4C7D-A264-6B6A03E3D3CE}.Release|Any CPU.Build.0 = Release|Any CPU
		{76903B73-E623-449D-91FA-AEB2C05D48C1}.Debug|Any CPU.ActiveCfg = Debug|Any CPU
		{76903B73-E623-449D-91FA-AEB2C05D48C1}.Debug|Any CPU.Build.0 = Debug|Any CPU
		{76903B73-E623-449D-91FA-AEB2C05D48C1}.Release|Any CPU.ActiveCfg = Release|Any CPU
		{76903B73-E623-449D-91FA-AEB2C05D48C1}.Release|Any CPU.Build.0 = Release|Any CPU
		{249B879B-181C-46B9-9B71-60D9ADADF6BD}.Debug|Any CPU.ActiveCfg = Debug|Any CPU
		{249B879B-181C-46B9-9B71-60D9ADADF6BD}.Debug|Any CPU.Build.0 = Debug|Any CPU
		{249B879B-181C-46B9-9B71-60D9ADADF6BD}.Release|Any CPU.ActiveCfg = Release|Any CPU
		{249B879B-181C-46B9-9B71-60D9ADADF6BD}.Release|Any CPU.Build.0 = Release|Any CPU
		{574305FC-5DD9-4FA4-B4C5-A9C8DF4AD494}.Debug|Any CPU.ActiveCfg = Debug|Any CPU
		{574305FC-5DD9-4FA4-B4C5-A9C8DF4AD494}.Debug|Any CPU.Build.0 = Debug|Any CPU
		{574305FC-5DD9-4FA4-B4C5-A9C8DF4AD494}.Release|Any CPU.ActiveCfg = Release|Any CPU
		{574305FC-5DD9-4FA4-B4C5-A9C8DF4AD494}.Release|Any CPU.Build.0 = Release|Any CPU
		{1ED70E20-6B82-4025-9FE6-1DE996C9891C}.Debug|Any CPU.ActiveCfg = Debug|Any CPU
		{1ED70E20-6B82-4025-9FE6-1DE996C9891C}.Debug|Any CPU.Build.0 = Debug|Any CPU
		{1ED70E20-6B82-4025-9FE6-1DE996C9891C}.Release|Any CPU.ActiveCfg = Release|Any CPU
		{1ED70E20-6B82-4025-9FE6-1DE996C9891C}.Release|Any CPU.Build.0 = Release|Any CPU
		{B8F68092-3D27-45E2-8D93-878FC5D0B213}.Debug|Any CPU.ActiveCfg = Debug|Any CPU
		{B8F68092-3D27-45E2-8D93-878FC5D0B213}.Debug|Any CPU.Build.0 = Debug|Any CPU
		{B8F68092-3D27-45E2-8D93-878FC5D0B213}.Release|Any CPU.ActiveCfg = Release|Any CPU
		{B8F68092-3D27-45E2-8D93-878FC5D0B213}.Release|Any CPU.Build.0 = Release|Any CPU
		{54059629-22C1-4D64-9261-557C1FBB13BB}.Debug|Any CPU.ActiveCfg = Debug|Any CPU
		{54059629-22C1-4D64-9261-557C1FBB13BB}.Debug|Any CPU.Build.0 = Debug|Any CPU
		{54059629-22C1-4D64-9261-557C1FBB13BB}.Release|Any CPU.ActiveCfg = Release|Any CPU
		{54059629-22C1-4D64-9261-557C1FBB13BB}.Release|Any CPU.Build.0 = Release|Any CPU
		{D14B3892-B04C-4D3D-BB6D-0CD98CA839AC}.Debug|Any CPU.ActiveCfg = Debug|Any CPU
		{D14B3892-B04C-4D3D-BB6D-0CD98CA839AC}.Debug|Any CPU.Build.0 = Debug|Any CPU
		{D14B3892-B04C-4D3D-BB6D-0CD98CA839AC}.Release|Any CPU.ActiveCfg = Release|Any CPU
		{D14B3892-B04C-4D3D-BB6D-0CD98CA839AC}.Release|Any CPU.Build.0 = Release|Any CPU
		{3A7352DD-7783-4F5F-9598-381C5E678659}.Debug|Any CPU.ActiveCfg = Debug|Any CPU
		{3A7352DD-7783-4F5F-9598-381C5E678659}.Debug|Any CPU.Build.0 = Debug|Any CPU
		{3A7352DD-7783-4F5F-9598-381C5E678659}.Release|Any CPU.ActiveCfg = Release|Any CPU
		{3A7352DD-7783-4F5F-9598-381C5E678659}.Release|Any CPU.Build.0 = Release|Any CPU
		{980EF287-C86C-478C-BF32-C34909740169}.Debug|Any CPU.ActiveCfg = Debug|Any CPU
		{980EF287-C86C-478C-BF32-C34909740169}.Debug|Any CPU.Build.0 = Debug|Any CPU
		{980EF287-C86C-478C-BF32-C34909740169}.Release|Any CPU.ActiveCfg = Release|Any CPU
		{980EF287-C86C-478C-BF32-C34909740169}.Release|Any CPU.Build.0 = Release|Any CPU
		{F47F4CFF-3962-4F32-B4DD-485A0F81B951}.Debug|Any CPU.ActiveCfg = Debug|Any CPU
		{F47F4CFF-3962-4F32-B4DD-485A0F81B951}.Debug|Any CPU.Build.0 = Debug|Any CPU
		{F47F4CFF-3962-4F32-B4DD-485A0F81B951}.Release|Any CPU.ActiveCfg = Release|Any CPU
		{F47F4CFF-3962-4F32-B4DD-485A0F81B951}.Release|Any CPU.Build.0 = Release|Any CPU
		{87D160D1-51E2-427A-AE61-A20329C66F5E}.Debug|Any CPU.ActiveCfg = Debug|Any CPU
		{87D160D1-51E2-427A-AE61-A20329C66F5E}.Debug|Any CPU.Build.0 = Debug|Any CPU
		{87D160D1-51E2-427A-AE61-A20329C66F5E}.Release|Any CPU.ActiveCfg = Release|Any CPU
		{87D160D1-51E2-427A-AE61-A20329C66F5E}.Release|Any CPU.Build.0 = Release|Any CPU
		{E78CE1DA-8670-43F5-B6B2-A526EEF231D9}.Debug|Any CPU.ActiveCfg = Debug|Any CPU
		{E78CE1DA-8670-43F5-B6B2-A526EEF231D9}.Debug|Any CPU.Build.0 = Debug|Any CPU
		{E78CE1DA-8670-43F5-B6B2-A526EEF231D9}.Release|Any CPU.ActiveCfg = Release|Any CPU
		{E78CE1DA-8670-43F5-B6B2-A526EEF231D9}.Release|Any CPU.Build.0 = Release|Any CPU
	EndGlobalSection
	GlobalSection(SolutionProperties) = preSolution
		HideSolutionNode = FALSE
	EndGlobalSection
	GlobalSection(NestedProjects) = preSolution
		{CA3518B3-DF83-4457-A631-83CA1F2EDF9C} = {717046C5-9E77-4639-BE96-59DB4499D587}
		{75C8152A-E502-4972-B677-A686DB962D6C} = {717046C5-9E77-4639-BE96-59DB4499D587}
		{F9F952BC-8A4C-475D-BA0B-7B97BE585CE8} = {717046C5-9E77-4639-BE96-59DB4499D587}
		{B72DCE4E-4A6D-4738-BF29-DB54574E0C99} = {717046C5-9E77-4639-BE96-59DB4499D587}
		{77011C8D-2CE9-49F4-8672-D8FC8F336047} = {CBE12DA4-E00A-4EE9-AA92-DB2C7AFAFB22}
		{276BE03B-B942-4BC9-8D26-65639508E9E0} = {CBE12DA4-E00A-4EE9-AA92-DB2C7AFAFB22}
		{0B950750-3904-4C7D-A264-6B6A03E3D3CE} = {CBE12DA4-E00A-4EE9-AA92-DB2C7AFAFB22}
		{76903B73-E623-449D-91FA-AEB2C05D48C1} = {CBE12DA4-E00A-4EE9-AA92-DB2C7AFAFB22}
		{249B879B-181C-46B9-9B71-60D9ADADF6BD} = {ECAA82B0-F6A9-48A9-B171-71F50FA6AF15}
		{574305FC-5DD9-4FA4-B4C5-A9C8DF4AD494} = {6F0B6AC5-4F67-40B4-99C5-15FF01E89DAC}
		{1ED70E20-6B82-4025-9FE6-1DE996C9891C} = {6F0B6AC5-4F67-40B4-99C5-15FF01E89DAC}
		{B8F68092-3D27-45E2-8D93-878FC5D0B213} = {6F0B6AC5-4F67-40B4-99C5-15FF01E89DAC}
		{54059629-22C1-4D64-9261-557C1FBB13BB} = {6F0B6AC5-4F67-40B4-99C5-15FF01E89DAC}
		{D14B3892-B04C-4D3D-BB6D-0CD98CA839AC} = {6F0B6AC5-4F67-40B4-99C5-15FF01E89DAC}
		{3A7352DD-7783-4F5F-9598-381C5E678659} = {2C93132C-CB18-4F25-B511-733C63D80889}
		{980EF287-C86C-478C-BF32-C34909740169} = {2C93132C-CB18-4F25-B511-733C63D80889}
		{F47F4CFF-3962-4F32-B4DD-485A0F81B951} = {2C93132C-CB18-4F25-B511-733C63D80889}
		{87D160D1-51E2-427A-AE61-A20329C66F5E} = {2C93132C-CB18-4F25-B511-733C63D80889}
		{E78CE1DA-8670-43F5-B6B2-A526EEF231D9} = {2C93132C-CB18-4F25-B511-733C63D80889}
	EndGlobalSection
	GlobalSection(ExtensibilityGlobals) = postSolution
		SolutionGuid = {3E3CEE5F-DB6F-4C75-9A51-1D775DD6AF98}
	EndGlobalSection
EndGlobal
